
Microsoft Visual Studio Solution File, Format Version 12.00
# Visual Studio 15
VisualStudioVersion = 15.0.27130.2010
MinimumVisualStudioVersion = 10.0.40219.1
Project("{FAE04EC0-301F-11D3-BF4B-00C04F79EFBC}") = "IO - lab1", "IO - lab1\IO - lab1.csproj", "{F3817F5A-B75E-46ED-897C-90EBB106CBA2}"
EndProject
Project("{FAE04EC0-301F-11D3-BF4B-00C04F79EFBC}") = "lab1zad5", "lab1zad5\lab1zad5.csproj", "{ADB553E8-9964-4249-B46D-1334EAEB033E}"
EndProject
Project("{FAE04EC0-301F-11D3-BF4B-00C04F79EFBC}") = "lab2zad6", "lab2zad6\lab2zad6.csproj", "{45D2C3F3-E0F8-47C6-9577-A4E6EFBBAF23}"
EndProject
Project("{FAE04EC0-301F-11D3-BF4B-00C04F79EFBC}") = "lab2zad7", "lab2zad7\lab2zad7.csproj", "{152CBEC4-5D4C-46EC-BD21-631507F45DF9}"
EndProject
Project("{FAE04EC0-301F-11D3-BF4B-00C04F79EFBC}") = "lab2zad8", "lab2zad8\lab2zad8.csproj", "{0AA21FDB-D7FC-49B7-9B5B-38FC7F249933}"
EndProject
Project("{FAE04EC0-301F-11D3-BF4B-00C04F79EFBC}") = "lab3zad12", "lab3zad12\lab3zad12.csproj", "{E16AEBEC-C117-4652-A2F3-620692235033}"
EndProject
Project("{FAE04EC0-301F-11D3-BF4B-00C04F79EFBC}") = "lab3zad13", "lab3zad13\lab3zad13.csproj", "{DEF606ED-DF4A-4AB3-B470-2E2E845E5B0D}"
EndProject
Project("{FAE04EC0-301F-11D3-BF4B-00C04F79EFBC}") = "lab3zad14", "lab3zad14\lab3zad14.csproj", "{AF67095D-5E6C-4312-8869-5214CE2B8100}"
EndProject
Project("{FAE04EC0-301F-11D3-BF4B-00C04F79EFBC}") = "zadanie9dodatkowe", "zadanie9dodatkowe\zadanie9dodatkowe.csproj", "{A31C3C77-E4E6-443D-A508-7EC42178E06D}"
EndProject
Global
	GlobalSection(SolutionConfigurationPlatforms) = preSolution
		Debug|Any CPU = Debug|Any CPU
		Release|Any CPU = Release|Any CPU
	EndGlobalSection
	GlobalSection(ProjectConfigurationPlatforms) = postSolution
		{F3817F5A-B75E-46ED-897C-90EBB106CBA2}.Debug|Any CPU.ActiveCfg = Debug|Any CPU
		{F3817F5A-B75E-46ED-897C-90EBB106CBA2}.Debug|Any CPU.Build.0 = Debug|Any CPU
		{F3817F5A-B75E-46ED-897C-90EBB106CBA2}.Release|Any CPU.ActiveCfg = Release|Any CPU
		{F3817F5A-B75E-46ED-897C-90EBB106CBA2}.Release|Any CPU.Build.0 = Release|Any CPU
		{ADB553E8-9964-4249-B46D-1334EAEB033E}.Debug|Any CPU.ActiveCfg = Debug|Any CPU
		{ADB553E8-9964-4249-B46D-1334EAEB033E}.Debug|Any CPU.Build.0 = Debug|Any CPU
		{ADB553E8-9964-4249-B46D-1334EAEB033E}.Release|Any CPU.ActiveCfg = Release|Any CPU
		{ADB553E8-9964-4249-B46D-1334EAEB033E}.Release|Any CPU.Build.0 = Release|Any CPU
		{45D2C3F3-E0F8-47C6-9577-A4E6EFBBAF23}.Debug|Any CPU.ActiveCfg = Debug|Any CPU
		{45D2C3F3-E0F8-47C6-9577-A4E6EFBBAF23}.Debug|Any CPU.Build.0 = Debug|Any CPU
		{45D2C3F3-E0F8-47C6-9577-A4E6EFBBAF23}.Release|Any CPU.ActiveCfg = Release|Any CPU
		{45D2C3F3-E0F8-47C6-9577-A4E6EFBBAF23}.Release|Any CPU.Build.0 = Release|Any CPU
		{152CBEC4-5D4C-46EC-BD21-631507F45DF9}.Debug|Any CPU.ActiveCfg = Debug|Any CPU
		{152CBEC4-5D4C-46EC-BD21-631507F45DF9}.Debug|Any CPU.Build.0 = Debug|Any CPU
		{152CBEC4-5D4C-46EC-BD21-631507F45DF9}.Release|Any CPU.ActiveCfg = Release|Any CPU
		{152CBEC4-5D4C-46EC-BD21-631507F45DF9}.Release|Any CPU.Build.0 = Release|Any CPU
		{0AA21FDB-D7FC-49B7-9B5B-38FC7F249933}.Debug|Any CPU.ActiveCfg = Debug|Any CPU
		{0AA21FDB-D7FC-49B7-9B5B-38FC7F249933}.Debug|Any CPU.Build.0 = Debug|Any CPU
		{0AA21FDB-D7FC-49B7-9B5B-38FC7F249933}.Release|Any CPU.ActiveCfg = Release|Any CPU
		{0AA21FDB-D7FC-49B7-9B5B-38FC7F249933}.Release|Any CPU.Build.0 = Release|Any CPU
		{E16AEBEC-C117-4652-A2F3-620692235033}.Debug|Any CPU.ActiveCfg = Debug|Any CPU
		{E16AEBEC-C117-4652-A2F3-620692235033}.Debug|Any CPU.Build.0 = Debug|Any CPU
		{E16AEBEC-C117-4652-A2F3-620692235033}.Release|Any CPU.ActiveCfg = Release|Any CPU
		{E16AEBEC-C117-4652-A2F3-620692235033}.Release|Any CPU.Build.0 = Release|Any CPU
		{DEF606ED-DF4A-4AB3-B470-2E2E845E5B0D}.Debug|Any CPU.ActiveCfg = Debug|Any CPU
		{DEF606ED-DF4A-4AB3-B470-2E2E845E5B0D}.Debug|Any CPU.Build.0 = Debug|Any CPU
		{DEF606ED-DF4A-4AB3-B470-2E2E845E5B0D}.Release|Any CPU.ActiveCfg = Release|Any CPU
		{DEF606ED-DF4A-4AB3-B470-2E2E845E5B0D}.Release|Any CPU.Build.0 = Release|Any CPU
		{AF67095D-5E6C-4312-8869-5214CE2B8100}.Debug|Any CPU.ActiveCfg = Debug|Any CPU
		{AF67095D-5E6C-4312-8869-5214CE2B8100}.Debug|Any CPU.Build.0 = Debug|Any CPU
		{AF67095D-5E6C-4312-8869-5214CE2B8100}.Release|Any CPU.ActiveCfg = Release|Any CPU
		{AF67095D-5E6C-4312-8869-5214CE2B8100}.Release|Any CPU.Build.0 = Release|Any CPU
		{A31C3C77-E4E6-443D-A508-7EC42178E06D}.Debug|Any CPU.ActiveCfg = Debug|Any CPU
		{A31C3C77-E4E6-443D-A508-7EC42178E06D}.Debug|Any CPU.Build.0 = Debug|Any CPU
		{A31C3C77-E4E6-443D-A508-7EC42178E06D}.Release|Any CPU.ActiveCfg = Release|Any CPU
		{A31C3C77-E4E6-443D-A508-7EC42178E06D}.Release|Any CPU.Build.0 = Release|Any CPU
	EndGlobalSection
	GlobalSection(SolutionProperties) = preSolution
		HideSolutionNode = FALSE
	EndGlobalSection
	GlobalSection(ExtensibilityGlobals) = postSolution
		SolutionGuid = {E638CFAC-A1AB-45E9-9042-D5EE3BEFDD86}
	EndGlobalSection
EndGlobal
